
Microsoft Visual Studio Solution File, Format Version 12.00
# Visual Studio 15
VisualStudioVersion = 15.0.28307.572
MinimumVisualStudioVersion = 10.0.40219.1
Project("{FAE04EC0-301F-11D3-BF4B-00C04F79EFBC}") = "WindowsFormsApp8", "WindowsFormsApp8\WindowsFormsApp8.csproj", "{D185968F-DB85-4EA0-930B-DD8FC33A2D1A}"
EndProject
Global
	GlobalSection(SolutionConfigurationPlatforms) = preSolution
		Debug|Any CPU = Debug|Any CPU
		Release|Any CPU = Release|Any CPU
	EndGlobalSection
	GlobalSection(ProjectConfigurationPlatforms) = postSolution
		{D185968F-DB85-4EA0-930B-DD8FC33A2D1A}.Debug|Any CPU.ActiveCfg = Debug|Any CPU
		{D185968F-DB85-4EA0-930B-DD8FC33A2D1A}.Debug|Any CPU.Build.0 = Debug|Any CPU
		{D185968F-DB85-4EA0-930B-DD8FC33A2D1A}.Release|Any CPU.ActiveCfg = Release|Any CPU
		{D185968F-DB85-4EA0-930B-DD8FC33A2D1A}.Release|Any CPU.Build.0 = Release|Any CPU
	EndGlobalSection
	GlobalSection(SolutionProperties) = preSolution
		HideSolutionNode = FALSE
	EndGlobalSection
	GlobalSection(ExtensibilityGlobals) = postSolution
		SolutionGuid = {5EF2F1FA-8494-4646-9BD3-AF938DE4B4D4}
	EndGlobalSection
EndGlobal
